
Microsoft Visual Studio Solution File, Format Version 12.00
# Visual Studio 15
VisualStudioVersion = 15.0.28010.2036
MinimumVisualStudioVersion = 10.0.40219.1
Project("{FAE04EC0-301F-11D3-BF4B-00C04F79EFBC}") = "ELK4netTest", "ELK4netTest\ELK4netTest.csproj", "{A48A621F-C144-44B3-A914-CBC514234A4A}"
EndProject
Global
	GlobalSection(SolutionConfigurationPlatforms) = preSolution
		Debug|Any CPU = Debug|Any CPU
		Release|Any CPU = Release|Any CPU
	EndGlobalSection
	GlobalSection(ProjectConfigurationPlatforms) = postSolution
		{A48A621F-C144-44B3-A914-CBC514234A4A}.Debug|Any CPU.ActiveCfg = Debug|Any CPU
		{A48A621F-C144-44B3-A914-CBC514234A4A}.Debug|Any CPU.Build.0 = Debug|Any CPU
		{A48A621F-C144-44B3-A914-CBC514234A4A}.Release|Any CPU.ActiveCfg = Release|Any CPU
		{A48A621F-C144-44B3-A914-CBC514234A4A}.Release|Any CPU.Build.0 = Release|Any CPU
	EndGlobalSection
	GlobalSection(SolutionProperties) = preSolution
		HideSolutionNode = FALSE
	EndGlobalSection
	GlobalSection(ExtensibilityGlobals) = postSolution
		SolutionGuid = {3FA7AFB2-8AA1-4C9B-A561-508756B8373D}
	EndGlobalSection
EndGlobal
